#MicroXplorer Configuration settings - do not modify
Mcu.Family=STM32F4
SH.GPXTI10.0=GPIO_EXTI10
ProjectManager.MainLocation=Src
ProjectManager.ProjectFileName=Multimeter 2.1.ioc
RCC.CortexFreq_Value=16000000
ADC1.Rank-0\#ChannelRegularConversion=1
ProjectManager.KeepUserCode=true
Mcu.UserName=STM32F407VGTx
Mcu.PinsNb=24
ProjectManager.NoMain=false
ADC2.Channel-0\#ChannelRegularConversion=ADC_CHANNEL_5
SH.GPXTI9.0=GPIO_EXTI9
ADC1.IPParameters=Rank-0\#ChannelRegularConversion,Channel-0\#ChannelRegularConversion,SamplingTime-0\#ChannelRegularConversion,NbrOfConversionFlag,master
SH.GPXTI14.0=GPIO_EXTI14
RCC.PLLCLKFreq_Value=96000000
RCC.PLLQCLKFreq_Value=48000000
ProjectManager.functionlistsort=1-MX_GPIO_Init-GPIO-false-HAL-true,2-SystemClock_Config-RCC-false-HAL-false,3-MX_ADC1_Init-ADC1-false-HAL-true,4-MX_ADC2_Init-ADC2-false-HAL-true
PD8.Locked=true
RCC.RTCFreq_Value=32000
ProjectManager.DefaultFWLocation=true
PD9.Signal=GPIO_Output
ProjectManager.DeletePrevious=true
PB15.Signal=GPIO_Input
PinOutPanel.RotationAngle=0
RCC.FamilyName=M
ProjectManager.StackSize=0x400
SH.GPXTI13.0=GPIO_EXTI13
PD12.Locked=true
PD10.Signal=GPIO_Output
PD13.Signal=GPIO_Output
Mcu.IP4=SYS
PD13.Locked=true
Mcu.IP2=NVIC
NVIC.SVCall_IRQn=true\:0\:0\:false\:false\:true\:false\:false
Mcu.IP3=RCC
Mcu.IP0=ADC1
Mcu.IP1=ADC2
Mcu.UserConstants=
ProjectManager.TargetToolchain=MDK-ARM V5
SH.GPXTI13.ConfNb=1
Mcu.ThirdPartyNb=0
ADC2.IPParameters=Rank-0\#ChannelRegularConversion,Channel-0\#ChannelRegularConversion,SamplingTime-0\#ChannelRegularConversion,NbrOfConversionFlag
Mcu.IPNb=5
RCC.I2SClocksFreq_Value=96000000
ProjectManager.PreviousToolchain=
RCC.VcooutputI2S=96000000
SH.GPXTI12.ConfNb=1
PB5.Locked=true
Mcu.Pin6=PE12
Mcu.Pin7=PE13
PD8.Signal=GPIO_Output
PE10.Locked=true
Mcu.Pin8=PE14
Mcu.Pin9=PE15
PE11.Signal=GPXTI11
RCC.LSE_VALUE=32768
RCC.AHBFreq_Value=16000000
Mcu.Pin0=PA4
Mcu.Pin1=PA5
PE14.Locked=true
GPIO.groupedBy=Group By Peripherals
Mcu.Pin2=PE8
Mcu.Pin3=PE9
Mcu.Pin4=PE10
NVIC.EXTI15_10_IRQn=true\:0\:0\:false\:false\:true\:true\:true
RCC.VCOI2SOutputFreq_Value=192000000
Mcu.Pin5=PE11
PA5.Signal=ADCx_IN5
ADC1.Channel-0\#ChannelRegularConversion=ADC_CHANNEL_4
ProjectManager.ProjectBuild=false
RCC.HSE_VALUE=25000000
NVIC.UsageFault_IRQn=true\:0\:0\:false\:false\:true\:false\:false
NVIC.DebugMonitor_IRQn=true\:0\:0\:false\:false\:true\:false\:false
board=custom
PA4.Locked=true
RCC.VCOOutputFreq_Value=192000000
NVIC.SysTick_IRQn=true\:0\:0\:false\:false\:true\:false\:true
ProjectManager.LastFirmware=true
SH.GPXTI12.0=GPIO_EXTI12
ProjectManager.FirmwarePackage=STM32Cube FW_F4 V1.25.0
MxDb.Version=DB.5.0.60
PE15.Locked=true
RCC.APB2Freq_Value=16000000
PE14.Signal=GPXTI14
PE13.Signal=GPXTI13
PE15.Signal=GPXTI15
ProjectManager.BackupPrevious=false
MxCube.Version=5.6.0
RCC.VCOInputFreq_Value=1000000
PE8.Signal=GPXTI8
PE9.Signal=GPXTI9
PE8.Locked=true
PE9.Locked=true
File.Version=6
VP_SYS_VS_Systick.Mode=SysTick
SH.ADCx_IN4.0=ADC1_IN4,IN4
PB7.Signal=GPIO_Output
PB8.Locked=true
NVIC.NonMaskableInt_IRQn=true\:0\:0\:false\:false\:true\:false\:false
SH.ADCx_IN4.ConfNb=1
SH.GPXTI11.ConfNb=1
NVIC.PendSV_IRQn=true\:0\:0\:false\:false\:true\:false\:false
ProjectManager.FreePins=false
RCC.IPParameters=AHBFreq_Value,APB1Freq_Value,APB2Freq_Value,CortexFreq_Value,FamilyName,HSE_VALUE,HSI_VALUE,I2SClocksFreq_Value,LSE_VALUE,LSI_VALUE,PLLCLKFreq_Value,PLLQCLKFreq_Value,RTCFreq_Value,RTCHSEDivFreq_Value,SYSCLKFreq_VALUE,VCOI2SOutputFreq_Value,VCOInputFreq_Value,VCOOutputFreq_Value,VcooutputI2S
PE10.Signal=GPXTI10
PE11.Locked=true
ProjectManager.AskForMigrate=true
Mcu.Name=STM32F407V(E-G)Tx
ProjectManager.HalAssertFull=false
PE12.Signal=GPXTI12
ADC1.SamplingTime-0\#ChannelRegularConversion=ADC_SAMPLETIME_3CYCLES
RCC.RTCHSEDivFreq_Value=12500000
ProjectManager.ProjectName=Multimeter 2.1
ProjectManager.UnderRoot=false
PE13.Locked=true
PD14.Signal=GPIO_Output
ProjectManager.CoupleFile=false
PB4.Locked=true
PA4.Signal=ADCx_IN4
RCC.SYSCLKFreq_VALUE=16000000
Mcu.Package=LQFP100
PB5.Signal=GPIO_Output
Mcu.Pin22=PB8
Mcu.Pin23=VP_SYS_VS_Systick
Mcu.Pin20=PB5
ADC1.master=1
PA5.Locked=true
Mcu.Pin21=PB7
SH.GPXTI11.0=GPIO_EXTI11
PD10.Locked=true
ADC2.NbrOfConversionFlag=1
PD11.Locked=true
NVIC.ForceEnableDMAVector=true
KeepUserPlacement=false
SH.GPXTI8.0=GPIO_EXTI8
PD11.Signal=GPIO_Output
PD12.Signal=GPIO_Output
NVIC.MemoryManagement_IRQn=true\:0\:0\:false\:false\:true\:false\:false
ProjectManager.CompilerOptimize=6
ProjectManager.ToolChainLocation=
PD14.Locked=true
PD15.Locked=true
RCC.LSI_VALUE=32000
VP_SYS_VS_Systick.Signal=SYS_VS_Systick
SH.GPXTI8.ConfNb=1
SH.GPXTI9.ConfNb=1
NVIC.EXTI9_5_IRQn=true\:0\:0\:false\:false\:true\:true\:true
ProjectManager.HeapSize=0x200
Mcu.Pin15=PD12
NVIC.HardFault_IRQn=true\:0\:0\:false\:false\:true\:false\:false
Mcu.Pin16=PD13
ADC2.SamplingTime-0\#ChannelRegularConversion=ADC_SAMPLETIME_3CYCLES
Mcu.Pin13=PD10
Mcu.Pin14=PD11
Mcu.Pin19=PB4
SH.GPXTI15.ConfNb=1
ProjectManager.ComputerToolchain=false
Mcu.Pin17=PD14
RCC.HSI_VALUE=16000000
Mcu.Pin18=PD15
SH.ADCx_IN5.0=ADC2_IN5,IN5
SH.GPXTI14.ConfNb=1
NVIC.PriorityGroup=NVIC_PRIORITYGROUP_4
ADC1.NbrOfConversionFlag=1
SH.GPXTI15.0=GPIO_EXTI15
Mcu.Pin11=PD8
Mcu.Pin12=PD9
Mcu.Pin10=PB15
SH.GPXTI10.ConfNb=1
PB7.Locked=true
PB8.Signal=GPIO_Analog
NVIC.BusFault_IRQn=true\:0\:0\:false\:false\:true\:false\:false
SH.ADCx_IN5.ConfNb=1
ADC2.Rank-0\#ChannelRegularConversion=1
PD9.Locked=true
RCC.APB1Freq_Value=16000000
PE12.Locked=true
PD15.Signal=GPIO_Output
ProjectManager.CustomerFirmwarePackage=
ProjectManager.DeviceId=STM32F407VGTx
ProjectManager.LibraryCopy=0
PB15.Locked=true
PB4.Signal=GPIO_Output
